hash: 06c86f1e11cf7384ba352bef3dc9ba33774ce92f6ad16bab8ce465e9728157ff
updated: 2018-06-20T18:25:53.98296+03:00
imports:
- name: github.com/apex/log
  version: 0296d6eb16bb28f8a0c55668affcf4876dc269be
- name: github.com/blang/vfs
  version: c14afcac17253ce7418da751ec6b1988790cdc8f
  subpackages:
  - memfs
- name: github.com/daaku/go.zipexe
  version: a5fe2436ffcb3236e175e5149162b41cd28bd27d
- name: github.com/fatih/color
  version: 507f6050b8568533fb3f5504de8e5205fa62a114
- name: github.com/go-openapi/inflect
  version: b1f6470ffb9c552dc105dd869f16e36ba86ba7d0
- name: github.com/go-playground/locales
  version: f63010822830b6fe52288ee52d5a1151088ce039
  subpackages:
  - currency
- name: github.com/go-playground/universal-translator
  version: 71201497bace774495daed26a3874fd339e0b538
- name: github.com/go-sql-driver/mysql
  version: a0583e0143b1624142adab07e0e97fe106d99561
- name: github.com/gosuri/uitable
  version: 36ee7e946282a3fb1cfecd476ddc9b35d8847e42
  subpackages:
  - util/strutil
  - util/wordwrap
- name: github.com/jmoiron/sqlx
  version: 0dae4fefe7c0e190f7b5a78dac28a1c82cc8d849
  subpackages:
  - reflectx
- name: github.com/kardianos/osext
  version: ae77be60afb1dcacde03767a8c37337fad28ac14
- name: github.com/mattn/go-colorable
  version: efa589957cd060542a26d2dd7832fd6a6c6c3ade
- name: github.com/mattn/go-isatty
  version: 6ca4dbf54d38eea1a992b3c722a76a5d1c4cb25c
- name: github.com/mattn/go-runewidth
  version: ce7b0b5c7b45a81508558cd1dba6bb1e4ddb51bb
- name: github.com/mattn/go-sqlite3
  version: 25ecb14adfc7543176f7d85291ec7dba82c6f7e4
- name: github.com/Pallinder/go-randomdata
  version: 15df0648130a623e418886f81b2aaecd0a00547b
- name: github.com/phogolabs/parcello
  version: bae01a3ceb4170daf3403d471ed6a30b5d0dcebc
  subpackages:
  - fake
- name: github.com/phogolabs/prana
  version: 824fb55fb1f7f1fa4ff1c0d56a06996618b5f464
  subpackages:
  - sqlexec
  - sqlmigr
- name: github.com/pkg/errors
  version: 816c9085562cd7ee03e7f8188a1cfd942858cded
- name: github.com/ulule/loukoum
  version: 5229f07995e29955dc266fa7ae48e3f34bdead77
  subpackages:
  - builder
  - format
  - lexer
  - parser
  - stmt
  - token
  - types
- name: golang.org/x/sys
  version: ad87a3a340fa7f3bed189293fbfa7a9b7e021ae1
  subpackages:
  - unix
- name: gopkg.in/go-playground/validator.v9
  version: f28cb45dc0f0f406ba2015cdb59a5203ad220bc2
- name: gopkg.in/volatiletech/null.v6
  version: 0bef4e07ae1b27a2a4efa23bbb3006c8c3d2e01d
  subpackages:
  - convert
testImports:
- name: github.com/onsi/ginkgo
  version: 000d317071340972710dc1da9ae3c2c016a7a560
  subpackages:
  - config
  - internal/codelocation
  - internal/containernode
  - internal/failer
  - internal/leafnodes
  - internal/remote
  - internal/spec
  - internal/spec_iterator
  - internal/specrunner
  - internal/suite
  - internal/testingtproxy
  - internal/writer
  - reporters
  - reporters/stenographer
  - reporters/stenographer/support/go-colorable
  - reporters/stenographer/support/go-isatty
  - types
- name: github.com/onsi/gomega
  version: 9be84105672ba4433a3b61f1b4d7f9ff8b022293
  subpackages:
  - format
  - internal/assertion
  - internal/asyncassertion
  - internal/oraclematcher
  - internal/testingtsupport
  - matchers
  - matchers/support/goraph/bipartitegraph
  - matchers/support/goraph/edge
  - matchers/support/goraph/node
  - matchers/support/goraph/util
  - types
- name: golang.org/x/net
  version: db08ff08e8622530d9ed3a0e8ac279f6d4c02196
  subpackages:
  - html
  - html/atom
  - html/charset
- name: golang.org/x/text
  version: 5cec4b58c438bd98288aeb248bab2c1840713d21
  subpackages:
  - encoding
  - encoding/charmap
  - encoding/htmlindex
  - encoding/internal
  - encoding/internal/identifier
  - encoding/japanese
  - encoding/korean
  - encoding/simplifiedchinese
  - encoding/traditionalchinese
  - encoding/unicode
  - internal/language
  - internal/language/compact
  - internal/tag
  - internal/utf8internal
  - language
  - runes
  - transform
- name: gopkg.in/yaml.v2
  version: 5420a8b6744d3b0345ab293f6fcba19c978f1183
